
Microsoft Visual Studio Solution File, Format Version 12.00
# Visual Studio Version 16
VisualStudioVersion = 16.0.32802.440
MinimumVisualStudioVersion = 10.0.40219.1
Project("{9A19103F-16F7-4668-BE54-9A1E7A4F7556}") = "KVA.Cinema", "KVA.Cinema\KVA.Cinema.csproj", "{5BE06484-35DC-4873-A4E8-5659753EEC9B}"
EndProject
Global
	GlobalSection(SolutionConfigurationPlatforms) = preSolution
		Debug|Any CPU = Debug|Any CPU
		Release|Any CPU = Release|Any CPU
	EndGlobalSection
	GlobalSection(ProjectConfigurationPlatforms) = postSolution
		{5BE06484-35DC-4873-A4E8-5659753EEC9B}.Debug|Any CPU.ActiveCfg = Debug|Any CPU
		{5BE06484-35DC-4873-A4E8-5659753EEC9B}.Debug|Any CPU.Build.0 = Debug|Any CPU
		{5BE06484-35DC-4873-A4E8-5659753EEC9B}.Release|Any CPU.ActiveCfg = Release|Any CPU
		{5BE06484-35DC-4873-A4E8-5659753EEC9B}.Release|Any CPU.Build.0 = Release|Any CPU
	EndGlobalSection
	GlobalSection(SolutionProperties) = preSolution
		HideSolutionNode = FALSE
	EndGlobalSection
	GlobalSection(ExtensibilityGlobals) = postSolution
		SolutionGuid = {F258276D-3EAD-4AE5-B6E8-548EBD488F48}
	EndGlobalSection
EndGlobal
